Microsoft Visual Studio Solution File, Format Version 12.00
# Visual Studio Version 17
VisualStudioVersion = 17.5.2.0
MinimumVisualStudioVersion = 10.0.40219.1
Project("{FAE04EC0-301F-11D3-BF4B-00C04F79EFBC}") = "Simplifier", "Simplifier.csproj", "{1CE3C632-B958-7AA8-F765-B14FC6361C6C}"
EndProject
Global
	GlobalSection(SolutionConfigurationPlatforms) = preSolution
		Debug|Any CPU = Debug|Any CPU
		Release|Any CPU = Release|Any CPU
	EndGlobalSection
	GlobalSection(ProjectConfigurationPlatforms) = postSolution
		{1CE3C632-B958-7AA8-F765-B14FC6361C6C}.Debug|Any CPU.ActiveCfg = Debug|Any CPU
		{1CE3C632-B958-7AA8-F765-B14FC6361C6C}.Debug|Any CPU.Build.0 = Debug|Any CPU
		{1CE3C632-B958-7AA8-F765-B14FC6361C6C}.Release|Any CPU.ActiveCfg = Release|Any CPU
		{1CE3C632-B958-7AA8-F765-B14FC6361C6C}.Release|Any CPU.Build.0 = Release|Any CPU
	EndGlobalSection
	GlobalSection(SolutionProperties) = preSolution
		HideSolutionNode = FALSE
	EndGlobalSection
	GlobalSection(ExtensibilityGlobals) = postSolution
		SolutionGuid = {2ADFD2CC-EF74-4D08-A1FF-0B053DC8352A}
	EndGlobalSection
EndGlobal
